
Microsoft Visual Studio Solution File, Format Version 11.00
# Visual Studio 2010
Project("{FAE04EC0-301F-11D3-BF4B-00C04F79EFBC}") = "ExcelDataReader.Silverlight", "ExcelDataReader.Silverlight\ExcelDataReader.Silverlight.csproj", "{9FFF98D9-D978-4C7F-9DA9-B66B02FD2F25}"
EndProject
Project("{FAE04EC0-301F-11D3-BF4B-00C04F79EFBC}") = "ExcelDataReader.Silverlight.Data", "ExcelDataReader.Silverlight.Data\ExcelDataReader.Silverlight.Data.csproj", "{A126BC6A-1076-4AF3-89F4-4F3D9A34D15C}"
EndProject
Project("{FAE04EC0-301F-11D3-BF4B-00C04F79EFBC}") = "ExcelDataReader.Silverlight.Data.Example", "ExcelDataReader.Silverlight.Data.Example\ExcelDataReader.Silverlight.Data.Example.csproj", "{B1C89445-320B-42F7-BB3C-4CB6D9E1A73A}"
EndProject
Project("{2150E333-8FDC-42A3-9474-1A3956D46DE8}") = "Solution Items", "Solution Items", "{84B40CB3-97A3-4405-AA0A-3383D6D4F96F}"
	ProjectSection(SolutionItems) = preProject
		ExcelDataReader.Silverlight.vsmdi = ExcelDataReader.Silverlight.vsmdi
	EndProjectSection
EndProject
Project("{FAE04EC0-301F-11D3-BF4B-00C04F79EFBC}") = "ExcelDataReader.Silverlight.Tests", "ExcelDataReader.Silverlight.Tests\ExcelDataReader.Silverlight.Tests.csproj", "{4D1555A1-3D6A-45A4-BD41-E0C984995A66}"
EndProject
Project("{FAE04EC0-301F-11D3-BF4B-00C04F79EFBC}") = "ExcelDataReader.Silverlight.Tests.Web", "ExcelDataReader.Silverlight.Tests.Web\ExcelDataReader.Silverlight.Tests.Web.csproj", "{4AEDD601-4EDC-4ABE-91A6-C02F610765A1}"
EndProject
Global
	GlobalSection(TeamFoundationVersionControl) = preSolution
		SccNumberOfProjects = 6
		SccEnterpriseProvider = {4CA58AB2-18FA-4F8D-95D4-32DDF27D184C}
		SccTeamFoundationServer = https://tfs.codeplex.com/tfs/tfs08
		SccLocalPath0 = .
		SccProjectUniqueName1 = ExcelDataReader.Silverlight\\ExcelDataReader.Silverlight.csproj
		SccProjectName1 = ExcelDataReader.Silverlight
		SccLocalPath1 = ExcelDataReader.Silverlight
		SccProjectUniqueName2 = ExcelDataReader.Silverlight.Data\\ExcelDataReader.Silverlight.Data.csproj
		SccProjectName2 = ExcelDataReader.Silverlight.Data
		SccLocalPath2 = ExcelDataReader.Silverlight.Data
		SccProjectUniqueName3 = ExcelDataReader.Silverlight.Data.Example\\ExcelDataReader.Silverlight.Data.Example.csproj
		SccProjectName3 = ExcelDataReader.Silverlight.Data.Example
		SccLocalPath3 = ExcelDataReader.Silverlight.Data.Example
		SccProjectUniqueName4 = ExcelDataReader.Silverlight.Tests.Web\\ExcelDataReader.Silverlight.Tests.Web.csproj
		SccProjectName4 = ExcelDataReader.Silverlight.Tests.Web
		SccLocalPath4 = ExcelDataReader.Silverlight.Tests.Web
		SccProjectUniqueName5 = ExcelDataReader.Silverlight.Tests\\ExcelDataReader.Silverlight.Tests.csproj
		SccProjectName5 = ExcelDataReader.Silverlight.Tests
		SccLocalPath5 = ExcelDataReader.Silverlight.Tests
	EndGlobalSection
	GlobalSection(TestCaseManagementSettings) = postSolution
		CategoryFile = ExcelDataReader.Silverlight.vsmdi
	EndGlobalSection
	GlobalSection(SolutionConfigurationPlatforms) = preSolution
		Debug|Any CPU = Debug|Any CPU
		MSTEST_DEBUG|Any CPU = MSTEST_DEBUG|Any CPU
		MSTEST_RELEASE|Any CPU = MSTEST_RELEASE|Any CPU
		Release|Any CPU = Release|Any CPU
	EndGlobalSection
	GlobalSection(ProjectConfigurationPlatforms) = postSolution
		{9FFF98D9-D978-4C7F-9DA9-B66B02FD2F25}.Debug|Any CPU.ActiveCfg = Debug|Any CPU
		{9FFF98D9-D978-4C7F-9DA9-B66B02FD2F25}.Debug|Any CPU.Build.0 = Debug|Any CPU
		{9FFF98D9-D978-4C7F-9DA9-B66B02FD2F25}.MSTEST_DEBUG|Any CPU.ActiveCfg = Debug|Any CPU
		{9FFF98D9-D978-4C7F-9DA9-B66B02FD2F25}.MSTEST_DEBUG|Any CPU.Build.0 = Debug|Any CPU
		{9FFF98D9-D978-4C7F-9DA9-B66B02FD2F25}.MSTEST_RELEASE|Any CPU.ActiveCfg = Release|Any CPU
		{9FFF98D9-D978-4C7F-9DA9-B66B02FD2F25}.MSTEST_RELEASE|Any CPU.Build.0 = Release|Any CPU
		{9FFF98D9-D978-4C7F-9DA9-B66B02FD2F25}.Release|Any CPU.ActiveCfg = Release|Any CPU
		{9FFF98D9-D978-4C7F-9DA9-B66B02FD2F25}.Release|Any CPU.Build.0 = Release|Any CPU
		{A126BC6A-1076-4AF3-89F4-4F3D9A34D15C}.Debug|Any CPU.ActiveCfg = Debug|Any CPU
		{A126BC6A-1076-4AF3-89F4-4F3D9A34D15C}.Debug|Any CPU.Build.0 = Debug|Any CPU
		{A126BC6A-1076-4AF3-89F4-4F3D9A34D15C}.MSTEST_DEBUG|Any CPU.ActiveCfg = Debug|Any CPU
		{A126BC6A-1076-4AF3-89F4-4F3D9A34D15C}.MSTEST_DEBUG|Any CPU.Build.0 = Debug|Any CPU
		{A126BC6A-1076-4AF3-89F4-4F3D9A34D15C}.MSTEST_RELEASE|Any CPU.ActiveCfg = Release|Any CPU
		{A126BC6A-1076-4AF3-89F4-4F3D9A34D15C}.MSTEST_RELEASE|Any CPU.Build.0 = Release|Any CPU
		{A126BC6A-1076-4AF3-89F4-4F3D9A34D15C}.Release|Any CPU.ActiveCfg = Release|Any CPU
		{A126BC6A-1076-4AF3-89F4-4F3D9A34D15C}.Release|Any CPU.Build.0 = Release|Any CPU
		{B1C89445-320B-42F7-BB3C-4CB6D9E1A73A}.Debug|Any CPU.ActiveCfg = Debug|Any CPU
		{B1C89445-320B-42F7-BB3C-4CB6D9E1A73A}.Debug|Any CPU.Build.0 = Debug|Any CPU
		{B1C89445-320B-42F7-BB3C-4CB6D9E1A73A}.MSTEST_DEBUG|Any CPU.ActiveCfg = Debug|Any CPU
		{B1C89445-320B-42F7-BB3C-4CB6D9E1A73A}.MSTEST_DEBUG|Any CPU.Build.0 = Debug|Any CPU
		{B1C89445-320B-42F7-BB3C-4CB6D9E1A73A}.MSTEST_RELEASE|Any CPU.ActiveCfg = Release|Any CPU
		{B1C89445-320B-42F7-BB3C-4CB6D9E1A73A}.MSTEST_RELEASE|Any CPU.Build.0 = Release|Any CPU
		{B1C89445-320B-42F7-BB3C-4CB6D9E1A73A}.Release|Any CPU.ActiveCfg = Release|Any CPU
		{B1C89445-320B-42F7-BB3C-4CB6D9E1A73A}.Release|Any CPU.Build.0 = Release|Any CPU
		{4D1555A1-3D6A-45A4-BD41-E0C984995A66}.Debug|Any CPU.ActiveCfg = Debug|Any CPU
		{4D1555A1-3D6A-45A4-BD41-E0C984995A66}.Debug|Any CPU.Build.0 = Debug|Any CPU
		{4D1555A1-3D6A-45A4-BD41-E0C984995A66}.MSTEST_DEBUG|Any CPU.ActiveCfg = Release|Any CPU
		{4D1555A1-3D6A-45A4-BD41-E0C984995A66}.MSTEST_DEBUG|Any CPU.Build.0 = Release|Any CPU
		{4D1555A1-3D6A-45A4-BD41-E0C984995A66}.MSTEST_RELEASE|Any CPU.ActiveCfg = Release|Any CPU
		{4D1555A1-3D6A-45A4-BD41-E0C984995A66}.MSTEST_RELEASE|Any CPU.Build.0 = Release|Any CPU
		{4D1555A1-3D6A-45A4-BD41-E0C984995A66}.Release|Any CPU.ActiveCfg = Release|Any CPU
		{4D1555A1-3D6A-45A4-BD41-E0C984995A66}.Release|Any CPU.Build.0 = Release|Any CPU
		{4AEDD601-4EDC-4ABE-91A6-C02F610765A1}.Debug|Any CPU.ActiveCfg = Debug|Any CPU
		{4AEDD601-4EDC-4ABE-91A6-C02F610765A1}.Debug|Any CPU.Build.0 = Debug|Any CPU
		{4AEDD601-4EDC-4ABE-91A6-C02F610765A1}.MSTEST_DEBUG|Any CPU.ActiveCfg = Release|Any CPU
		{4AEDD601-4EDC-4ABE-91A6-C02F610765A1}.MSTEST_DEBUG|Any CPU.Build.0 = Release|Any CPU
		{4AEDD601-4EDC-4ABE-91A6-C02F610765A1}.MSTEST_RELEASE|Any CPU.ActiveCfg = Release|Any CPU
		{4AEDD601-4EDC-4ABE-91A6-C02F610765A1}.MSTEST_RELEASE|Any CPU.Build.0 = Release|Any CPU
		{4AEDD601-4EDC-4ABE-91A6-C02F610765A1}.Release|Any CPU.ActiveCfg = Release|Any CPU
		{4AEDD601-4EDC-4ABE-91A6-C02F610765A1}.Release|Any CPU.Build.0 = Release|Any CPU
	EndGlobalSection
	GlobalSection(SolutionProperties) = preSolution
		HideSolutionNode = FALSE
	EndGlobalSection
EndGlobal
