
Microsoft Visual Studio Solution File, Format Version 12.00
# Visual Studio 14
VisualStudioVersion = 14.0.25420.1
MinimumVisualStudioVersion = 10.0.40219.1
Project("{2150E333-8FDC-42A3-9474-1A3956D46DE8}") = "Solution Items", "Solution Items", "{537D3BEA-4A18-4381-A955-DF762D21E100}"
	ProjectSection(SolutionItems) = preProject
		global.json = global.json
	EndProjectSection
EndProject
Project("{2150E333-8FDC-42A3-9474-1A3956D46DE8}") = ".nuget", ".nuget", "{2BC6054F-0C85-4066-9DE2-1633B8DBE2B8}"
	ProjectSection(SolutionItems) = preProject
		.nuget\NuGet.Config = .nuget\NuGet.Config
		.nuget\NuGet.exe = .nuget\NuGet.exe
		.nuget\NuGet.targets = .nuget\NuGet.targets
	EndProjectSection
EndProject
Project("{8BB2217D-0F2D-49D1-97BC-3654ED321F3B}") = "ExcelDataReader", "src\ExcelDataReader\ExcelDataReader.xproj", "{627CD303-4CE5-4300-8BD1-0FCF143D4874}"
EndProject
Project("{8BB2217D-0F2D-49D1-97BC-3654ED321F3B}") = "ExcelDataReader.Tests", "test\ExcelDataReader.Tests\ExcelDataReader.Tests.xproj", "{A90F5580-605E-4DA6-8997-877EB8F7D024}"
EndProject
Project("{FAE04EC0-301F-11D3-BF4B-00C04F79EFBC}") = "ExcelDataReader.Net20.Tests", "test\ExcelDataReader.Net20.Tests\ExcelDataReader.Net20.Tests.csproj", "{A6631423-31BE-4D54-BFEB-0D3723BF8C96}"
	ProjectSection(ProjectDependencies) = postProject
		{627CD303-4CE5-4300-8BD1-0FCF143D4874} = {627CD303-4CE5-4300-8BD1-0FCF143D4874}
		{061F5E1D-23A7-4744-BF2A-54AAFC5EFE70} = {061F5E1D-23A7-4744-BF2A-54AAFC5EFE70}
	EndProjectSection
EndProject
Project("{FAE04EC0-301F-11D3-BF4B-00C04F79EFBC}") = "ExcelDataReader.Net45.Tests", "test\ExcelDataReader.Net45.Tests\ExcelDataReader.Net45.Tests.csproj", "{7ABFA914-8980-4630-B7E5-92921E5D897D}"
	ProjectSection(ProjectDependencies) = postProject
		{627CD303-4CE5-4300-8BD1-0FCF143D4874} = {627CD303-4CE5-4300-8BD1-0FCF143D4874}
		{061F5E1D-23A7-4744-BF2A-54AAFC5EFE70} = {061F5E1D-23A7-4744-BF2A-54AAFC5EFE70}
	EndProjectSection
EndProject
Project("{8BB2217D-0F2D-49D1-97BC-3654ED321F3B}") = "ExcelDataReader.DataSet", "src\ExcelDataReader.DataSet\ExcelDataReader.DataSet.xproj", "{061F5E1D-23A7-4744-BF2A-54AAFC5EFE70}"
EndProject
Global
	GlobalSection(SolutionConfigurationPlatforms) = preSolution
		Debug|Any CPU = Debug|Any CPU
		Release|Any CPU = Release|Any CPU
	EndGlobalSection
	GlobalSection(ProjectConfigurationPlatforms) = postSolution
		{627CD303-4CE5-4300-8BD1-0FCF143D4874}.Debug|Any CPU.ActiveCfg = Debug|Any CPU
		{627CD303-4CE5-4300-8BD1-0FCF143D4874}.Debug|Any CPU.Build.0 = Debug|Any CPU
		{627CD303-4CE5-4300-8BD1-0FCF143D4874}.Release|Any CPU.ActiveCfg = Release|Any CPU
		{627CD303-4CE5-4300-8BD1-0FCF143D4874}.Release|Any CPU.Build.0 = Release|Any CPU
		{A90F5580-605E-4DA6-8997-877EB8F7D024}.Debug|Any CPU.ActiveCfg = Debug|Any CPU
		{A90F5580-605E-4DA6-8997-877EB8F7D024}.Debug|Any CPU.Build.0 = Debug|Any CPU
		{A90F5580-605E-4DA6-8997-877EB8F7D024}.Release|Any CPU.ActiveCfg = Release|Any CPU
		{A90F5580-605E-4DA6-8997-877EB8F7D024}.Release|Any CPU.Build.0 = Release|Any CPU
		{A6631423-31BE-4D54-BFEB-0D3723BF8C96}.Debug|Any CPU.ActiveCfg = Debug|Any CPU
		{A6631423-31BE-4D54-BFEB-0D3723BF8C96}.Debug|Any CPU.Build.0 = Debug|Any CPU
		{A6631423-31BE-4D54-BFEB-0D3723BF8C96}.Release|Any CPU.ActiveCfg = Release|Any CPU
		{A6631423-31BE-4D54-BFEB-0D3723BF8C96}.Release|Any CPU.Build.0 = Release|Any CPU
		{7ABFA914-8980-4630-B7E5-92921E5D897D}.Debug|Any CPU.ActiveCfg = Debug|Any CPU
		{7ABFA914-8980-4630-B7E5-92921E5D897D}.Debug|Any CPU.Build.0 = Debug|Any CPU
		{7ABFA914-8980-4630-B7E5-92921E5D897D}.Release|Any CPU.ActiveCfg = Release|Any CPU
		{7ABFA914-8980-4630-B7E5-92921E5D897D}.Release|Any CPU.Build.0 = Release|Any CPU
		{061F5E1D-23A7-4744-BF2A-54AAFC5EFE70}.Debug|Any CPU.ActiveCfg = Debug|Any CPU
		{061F5E1D-23A7-4744-BF2A-54AAFC5EFE70}.Debug|Any CPU.Build.0 = Debug|Any CPU
		{061F5E1D-23A7-4744-BF2A-54AAFC5EFE70}.Release|Any CPU.ActiveCfg = Release|Any CPU
		{061F5E1D-23A7-4744-BF2A-54AAFC5EFE70}.Release|Any CPU.Build.0 = Release|Any CPU
	EndGlobalSection
	GlobalSection(SolutionProperties) = preSolution
		HideSolutionNode = FALSE
	EndGlobalSection
EndGlobal
