
Microsoft Visual Studio Solution File, Format Version 11.00
# Visual Studio 2010
Project("{FAE04EC0-301F-11D3-BF4B-00C04F79EFBC}") = "Excel", "Excel\Excel.csproj", "{4CB0690E-3E7A-497C-9116-D52024F63195}"
EndProject
Project("{FAE04EC0-301F-11D3-BF4B-00C04F79EFBC}") = "Excel.Tests", "Excel.Tests\Excel.Tests.csproj", "{7ACFD25F-D601-454C-A963-B2C1E46ED3FC}"
EndProject
Global
	GlobalSection(TeamFoundationVersionControl) = preSolution
		SccNumberOfProjects = 3
		SccEnterpriseProvider = {4CA58AB2-18FA-4F8D-95D4-32DDF27D184C}
		SccTeamFoundationServer = https://tfs.codeplex.com/tfs/tfs08
		SccLocalPath0 = .
		SccProjectUniqueName1 = Excel\\Excel.csproj
		SccProjectName1 = Excel
		SccLocalPath1 = Excel
		SccProjectUniqueName2 = Excel.Tests\\Excel.Tests.csproj
		SccProjectName2 = Excel.Tests
		SccLocalPath2 = Excel.Tests
	EndGlobalSection
	GlobalSection(SolutionConfigurationPlatforms) = preSolution
		Debug|Any CPU = Debug|Any CPU
		MSTEST_DEBUG|Any CPU = MSTEST_DEBUG|Any CPU
		MSTEST_RELEASE|Any CPU = MSTEST_RELEASE|Any CPU
		NUNIT_DEBUG|Any CPU = NUNIT_DEBUG|Any CPU
		NUNIT_RELEASE|Any CPU = NUNIT_RELEASE|Any CPU
		Release|Any CPU = Release|Any CPU
	EndGlobalSection
	GlobalSection(ProjectConfigurationPlatforms) = postSolution
		{4CB0690E-3E7A-497C-9116-D52024F63195}.Debug|Any CPU.ActiveCfg = Debug|Any CPU
		{4CB0690E-3E7A-497C-9116-D52024F63195}.Debug|Any CPU.Build.0 = Debug|Any CPU
		{4CB0690E-3E7A-497C-9116-D52024F63195}.MSTEST_DEBUG|Any CPU.ActiveCfg = Debug|Any CPU
		{4CB0690E-3E7A-497C-9116-D52024F63195}.MSTEST_DEBUG|Any CPU.Build.0 = Debug|Any CPU
		{4CB0690E-3E7A-497C-9116-D52024F63195}.MSTEST_RELEASE|Any CPU.ActiveCfg = Release|Any CPU
		{4CB0690E-3E7A-497C-9116-D52024F63195}.MSTEST_RELEASE|Any CPU.Build.0 = Release|Any CPU
		{4CB0690E-3E7A-497C-9116-D52024F63195}.NUNIT_DEBUG|Any CPU.ActiveCfg = Debug|Any CPU
		{4CB0690E-3E7A-497C-9116-D52024F63195}.NUNIT_DEBUG|Any CPU.Build.0 = Debug|Any CPU
		{4CB0690E-3E7A-497C-9116-D52024F63195}.NUNIT_RELEASE|Any CPU.ActiveCfg = Release|Any CPU
		{4CB0690E-3E7A-497C-9116-D52024F63195}.NUNIT_RELEASE|Any CPU.Build.0 = Release|Any CPU
		{4CB0690E-3E7A-497C-9116-D52024F63195}.Release|Any CPU.ActiveCfg = Release|Any CPU
		{4CB0690E-3E7A-497C-9116-D52024F63195}.Release|Any CPU.Build.0 = Release|Any CPU
		{7ACFD25F-D601-454C-A963-B2C1E46ED3FC}.Debug|Any CPU.ActiveCfg = Debug|Any CPU
		{7ACFD25F-D601-454C-A963-B2C1E46ED3FC}.Debug|Any CPU.Build.0 = Debug|Any CPU
		{7ACFD25F-D601-454C-A963-B2C1E46ED3FC}.MSTEST_DEBUG|Any CPU.ActiveCfg = Release|Any CPU
		{7ACFD25F-D601-454C-A963-B2C1E46ED3FC}.MSTEST_DEBUG|Any CPU.Build.0 = Release|Any CPU
		{7ACFD25F-D601-454C-A963-B2C1E46ED3FC}.MSTEST_RELEASE|Any CPU.ActiveCfg = Release|Any CPU
		{7ACFD25F-D601-454C-A963-B2C1E46ED3FC}.MSTEST_RELEASE|Any CPU.Build.0 = Release|Any CPU
		{7ACFD25F-D601-454C-A963-B2C1E46ED3FC}.NUNIT_DEBUG|Any CPU.ActiveCfg = Debug|Any CPU
		{7ACFD25F-D601-454C-A963-B2C1E46ED3FC}.NUNIT_DEBUG|Any CPU.Build.0 = Debug|Any CPU
		{7ACFD25F-D601-454C-A963-B2C1E46ED3FC}.NUNIT_RELEASE|Any CPU.ActiveCfg = Release|Any CPU
		{7ACFD25F-D601-454C-A963-B2C1E46ED3FC}.NUNIT_RELEASE|Any CPU.Build.0 = Release|Any CPU
		{7ACFD25F-D601-454C-A963-B2C1E46ED3FC}.Release|Any CPU.ActiveCfg = Release|Any CPU
		{7ACFD25F-D601-454C-A963-B2C1E46ED3FC}.Release|Any CPU.Build.0 = Release|Any CPU
	EndGlobalSection
	GlobalSection(SolutionProperties) = preSolution
		HideSolutionNode = FALSE
	EndGlobalSection
EndGlobal
