
Microsoft Visual Studio Solution File, Format Version 12.00
# Visual Studio 2013
VisualStudioVersion = 12.0.30723.0
MinimumVisualStudioVersion = 10.0.40219.1
Project("{FAE04EC0-301F-11D3-BF4B-00C04F79EFBC}") = "Excel", "Excel\Excel.csproj", "{4CB0690E-3E7A-497C-9116-D52024F63195}"
EndProject
Project("{FAE04EC0-301F-11D3-BF4B-00C04F79EFBC}") = "Excel.4.5", "Excel\Excel.4.5.csproj", "{D1905BBD-5F3B-4112-90BD-2D97C8B539C9}"
EndProject
Project("{2150E333-8FDC-42A3-9474-1A3956D46DE8}") = "Solution Items", "Solution Items", "{537D3BEA-4A18-4381-A955-DF762D21E100}"
	ProjectSection(SolutionItems) = preProject
		test.runsettings = test.runsettings
	EndProjectSection
EndProject
Project("{FAE04EC0-301F-11D3-BF4B-00C04F79EFBC}") = "Excel.Tests.4.5", "Excel.Tests.4.5\Excel.Tests.4.5.csproj", "{7E59CFF5-9A01-4DBC-A6E0-130C60F8EE18}"
EndProject
Project("{FAE04EC0-301F-11D3-BF4B-00C04F79EFBC}") = "TestApp", "TestApp\TestApp.csproj", "{B2975726-9F21-4054-B2C6-3E67DD2DD975}"
EndProject
Project("{FAE04EC0-301F-11D3-BF4B-00C04F79EFBC}") = "Excel.Tests", "Excel.Tests\Excel.Tests.csproj", "{7ACFD25F-D601-454C-A963-B2C1E46ED3FC}"
EndProject
Global
	GlobalSection(SolutionConfigurationPlatforms) = preSolution
		Debug|Any CPU = Debug|Any CPU
		MSTEST_DEBUG|Any CPU = MSTEST_DEBUG|Any CPU
		MSTEST_RELEASE|Any CPU = MSTEST_RELEASE|Any CPU
		NUNIT_DEBUG|Any CPU = NUNIT_DEBUG|Any CPU
		NUNIT_RELEASE|Any CPU = NUNIT_RELEASE|Any CPU
		Release|Any CPU = Release|Any CPU
	EndGlobalSection
	GlobalSection(ProjectConfigurationPlatforms) = postSolution
		{4CB0690E-3E7A-497C-9116-D52024F63195}.Debug|Any CPU.ActiveCfg = Debug|Any CPU
		{4CB0690E-3E7A-497C-9116-D52024F63195}.Debug|Any CPU.Build.0 = Debug|Any CPU
		{4CB0690E-3E7A-497C-9116-D52024F63195}.MSTEST_DEBUG|Any CPU.ActiveCfg = MSTEST_DEBUG|Any CPU
		{4CB0690E-3E7A-497C-9116-D52024F63195}.MSTEST_DEBUG|Any CPU.Build.0 = MSTEST_DEBUG|Any CPU
		{4CB0690E-3E7A-497C-9116-D52024F63195}.MSTEST_RELEASE|Any CPU.ActiveCfg = MSTEST_RELEASE|Any CPU
		{4CB0690E-3E7A-497C-9116-D52024F63195}.MSTEST_RELEASE|Any CPU.Build.0 = MSTEST_RELEASE|Any CPU
		{4CB0690E-3E7A-497C-9116-D52024F63195}.NUNIT_DEBUG|Any CPU.ActiveCfg = NUNIT_DEBUG|Any CPU
		{4CB0690E-3E7A-497C-9116-D52024F63195}.NUNIT_DEBUG|Any CPU.Build.0 = NUNIT_DEBUG|Any CPU
		{4CB0690E-3E7A-497C-9116-D52024F63195}.NUNIT_RELEASE|Any CPU.ActiveCfg = NUNIT_RELEASE|Any CPU
		{4CB0690E-3E7A-497C-9116-D52024F63195}.NUNIT_RELEASE|Any CPU.Build.0 = NUNIT_RELEASE|Any CPU
		{4CB0690E-3E7A-497C-9116-D52024F63195}.Release|Any CPU.ActiveCfg = Release|Any CPU
		{4CB0690E-3E7A-497C-9116-D52024F63195}.Release|Any CPU.Build.0 = Release|Any CPU
		{D1905BBD-5F3B-4112-90BD-2D97C8B539C9}.Debug|Any CPU.ActiveCfg = Debug|Any CPU
		{D1905BBD-5F3B-4112-90BD-2D97C8B539C9}.Debug|Any CPU.Build.0 = Debug|Any CPU
		{D1905BBD-5F3B-4112-90BD-2D97C8B539C9}.MSTEST_DEBUG|Any CPU.ActiveCfg = Release|Any CPU
		{D1905BBD-5F3B-4112-90BD-2D97C8B539C9}.MSTEST_DEBUG|Any CPU.Build.0 = Release|Any CPU
		{D1905BBD-5F3B-4112-90BD-2D97C8B539C9}.MSTEST_RELEASE|Any CPU.ActiveCfg = Release|Any CPU
		{D1905BBD-5F3B-4112-90BD-2D97C8B539C9}.MSTEST_RELEASE|Any CPU.Build.0 = Release|Any CPU
		{D1905BBD-5F3B-4112-90BD-2D97C8B539C9}.NUNIT_DEBUG|Any CPU.ActiveCfg = Release|Any CPU
		{D1905BBD-5F3B-4112-90BD-2D97C8B539C9}.NUNIT_DEBUG|Any CPU.Build.0 = Release|Any CPU
		{D1905BBD-5F3B-4112-90BD-2D97C8B539C9}.NUNIT_RELEASE|Any CPU.ActiveCfg = Release|Any CPU
		{D1905BBD-5F3B-4112-90BD-2D97C8B539C9}.NUNIT_RELEASE|Any CPU.Build.0 = Release|Any CPU
		{D1905BBD-5F3B-4112-90BD-2D97C8B539C9}.Release|Any CPU.ActiveCfg = Release|Any CPU
		{D1905BBD-5F3B-4112-90BD-2D97C8B539C9}.Release|Any CPU.Build.0 = Release|Any CPU
		{7E59CFF5-9A01-4DBC-A6E0-130C60F8EE18}.Debug|Any CPU.ActiveCfg = Debug|Any CPU
		{7E59CFF5-9A01-4DBC-A6E0-130C60F8EE18}.Debug|Any CPU.Build.0 = Debug|Any CPU
		{7E59CFF5-9A01-4DBC-A6E0-130C60F8EE18}.MSTEST_DEBUG|Any CPU.ActiveCfg = Release|Any CPU
		{7E59CFF5-9A01-4DBC-A6E0-130C60F8EE18}.MSTEST_DEBUG|Any CPU.Build.0 = Release|Any CPU
		{7E59CFF5-9A01-4DBC-A6E0-130C60F8EE18}.MSTEST_RELEASE|Any CPU.ActiveCfg = Release|Any CPU
		{7E59CFF5-9A01-4DBC-A6E0-130C60F8EE18}.MSTEST_RELEASE|Any CPU.Build.0 = Release|Any CPU
		{7E59CFF5-9A01-4DBC-A6E0-130C60F8EE18}.NUNIT_DEBUG|Any CPU.ActiveCfg = Release|Any CPU
		{7E59CFF5-9A01-4DBC-A6E0-130C60F8EE18}.NUNIT_DEBUG|Any CPU.Build.0 = Release|Any CPU
		{7E59CFF5-9A01-4DBC-A6E0-130C60F8EE18}.NUNIT_RELEASE|Any CPU.ActiveCfg = Release|Any CPU
		{7E59CFF5-9A01-4DBC-A6E0-130C60F8EE18}.NUNIT_RELEASE|Any CPU.Build.0 = Release|Any CPU
		{7E59CFF5-9A01-4DBC-A6E0-130C60F8EE18}.Release|Any CPU.ActiveCfg = Release|Any CPU
		{7E59CFF5-9A01-4DBC-A6E0-130C60F8EE18}.Release|Any CPU.Build.0 = Release|Any CPU
		{B2975726-9F21-4054-B2C6-3E67DD2DD975}.Debug|Any CPU.ActiveCfg = Debug|Any CPU
		{B2975726-9F21-4054-B2C6-3E67DD2DD975}.Debug|Any CPU.Build.0 = Debug|Any CPU
		{B2975726-9F21-4054-B2C6-3E67DD2DD975}.MSTEST_DEBUG|Any CPU.ActiveCfg = Release|Any CPU
		{B2975726-9F21-4054-B2C6-3E67DD2DD975}.MSTEST_DEBUG|Any CPU.Build.0 = Release|Any CPU
		{B2975726-9F21-4054-B2C6-3E67DD2DD975}.MSTEST_RELEASE|Any CPU.ActiveCfg = Release|Any CPU
		{B2975726-9F21-4054-B2C6-3E67DD2DD975}.MSTEST_RELEASE|Any CPU.Build.0 = Release|Any CPU
		{B2975726-9F21-4054-B2C6-3E67DD2DD975}.NUNIT_DEBUG|Any CPU.ActiveCfg = Release|Any CPU
		{B2975726-9F21-4054-B2C6-3E67DD2DD975}.NUNIT_DEBUG|Any CPU.Build.0 = Release|Any CPU
		{B2975726-9F21-4054-B2C6-3E67DD2DD975}.NUNIT_RELEASE|Any CPU.ActiveCfg = Release|Any CPU
		{B2975726-9F21-4054-B2C6-3E67DD2DD975}.NUNIT_RELEASE|Any CPU.Build.0 = Release|Any CPU
		{B2975726-9F21-4054-B2C6-3E67DD2DD975}.Release|Any CPU.ActiveCfg = Release|Any CPU
		{B2975726-9F21-4054-B2C6-3E67DD2DD975}.Release|Any CPU.Build.0 = Release|Any CPU
		{7ACFD25F-D601-454C-A963-B2C1E46ED3FC}.Debug|Any CPU.ActiveCfg = Debug|Any CPU
		{7ACFD25F-D601-454C-A963-B2C1E46ED3FC}.Debug|Any CPU.Build.0 = Debug|Any CPU
		{7ACFD25F-D601-454C-A963-B2C1E46ED3FC}.MSTEST_DEBUG|Any CPU.ActiveCfg = Release|Any CPU
		{7ACFD25F-D601-454C-A963-B2C1E46ED3FC}.MSTEST_DEBUG|Any CPU.Build.0 = Release|Any CPU
		{7ACFD25F-D601-454C-A963-B2C1E46ED3FC}.MSTEST_RELEASE|Any CPU.ActiveCfg = Release|Any CPU
		{7ACFD25F-D601-454C-A963-B2C1E46ED3FC}.MSTEST_RELEASE|Any CPU.Build.0 = Release|Any CPU
		{7ACFD25F-D601-454C-A963-B2C1E46ED3FC}.NUNIT_DEBUG|Any CPU.ActiveCfg = Release|Any CPU
		{7ACFD25F-D601-454C-A963-B2C1E46ED3FC}.NUNIT_DEBUG|Any CPU.Build.0 = Release|Any CPU
		{7ACFD25F-D601-454C-A963-B2C1E46ED3FC}.NUNIT_RELEASE|Any CPU.ActiveCfg = Release|Any CPU
		{7ACFD25F-D601-454C-A963-B2C1E46ED3FC}.NUNIT_RELEASE|Any CPU.Build.0 = Release|Any CPU
		{7ACFD25F-D601-454C-A963-B2C1E46ED3FC}.Release|Any CPU.ActiveCfg = Release|Any CPU
		{7ACFD25F-D601-454C-A963-B2C1E46ED3FC}.Release|Any CPU.Build.0 = Release|Any CPU
	EndGlobalSection
	GlobalSection(SolutionProperties) = preSolution
		HideSolutionNode = FALSE
	EndGlobalSection
EndGlobal
