<Solution>
  <Folder Name="/Solution Items/">
    <File Path="global.json" />
  </Folder>
  <Project Path="src/ExcelDataReader.Benchmarks/ExcelDataReader.Benchmarks.csproj" />
  <Project Path="src/ExcelDataReader.DataSet/ExcelDataReader.DataSet.csproj" />
  <Project Path="src/ExcelDataReader.ConsoleSample/ExcelDataReader.ConsoleSample.csproj" />
  <Project Path="src/ExcelDataReader.Sample/ExcelDataReader.Sample.csproj" />
  <Project Path="src/ExcelDataReader.Tests/ExcelDataReader.Tests.csproj" />
  <Project Path="src/ExcelDataReader/ExcelDataReader.csproj" />
</Solution>
