
Microsoft Visual Studio Solution File, Format Version 12.00
# Visual Studio Version 16
VisualStudioVersion = 16.0.29326.143
MinimumVisualStudioVersion = 10.0.40219.1
Project("{2150E333-8FDC-42A3-9474-1A3956D46DE8}") = "Solution Items", "Solution Items", "{537D3BEA-4A18-4381-A955-DF762D21E100}"
	ProjectSection(SolutionItems) = preProject
		global.json = global.json
	EndProjectSection
EndProject
Project("{9A19103F-16F7-4668-BE54-9A1E7A4F7556}") = "ExcelDataReader", "src\ExcelDataReader\ExcelDataReader.csproj", "{627CD303-4CE5-4300-8BD1-0FCF143D4874}"
EndProject
Project("{9A19103F-16F7-4668-BE54-9A1E7A4F7556}") = "ExcelDataReader.Tests", "test\ExcelDataReader.Tests\ExcelDataReader.Tests.csproj", "{A90F5580-605E-4DA6-8997-877EB8F7D024}"
EndProject
Project("{9A19103F-16F7-4668-BE54-9A1E7A4F7556}") = "ExcelDataReader.DataSet", "src\ExcelDataReader.DataSet\ExcelDataReader.DataSet.csproj", "{061F5E1D-23A7-4744-BF2A-54AAFC5EFE70}"
EndProject
Project("{9A19103F-16F7-4668-BE54-9A1E7A4F7556}") = "TestApp", "src\TestApp\TestApp.csproj", "{BCE486DF-3DA2-42A2-BF38-376B17CEF434}"
EndProject
Global
	GlobalSection(SolutionConfigurationPlatforms) = preSolution
		Debug|Any CPU = Debug|Any CPU
		Release|Any CPU = Release|Any CPU
	EndGlobalSection
	GlobalSection(ProjectConfigurationPlatforms) = postSolution
		{627CD303-4CE5-4300-8BD1-0FCF143D4874}.Debug|Any CPU.ActiveCfg = Debug|Any CPU
		{627CD303-4CE5-4300-8BD1-0FCF143D4874}.Debug|Any CPU.Build.0 = Debug|Any CPU
		{627CD303-4CE5-4300-8BD1-0FCF143D4874}.Release|Any CPU.ActiveCfg = Release|Any CPU
		{627CD303-4CE5-4300-8BD1-0FCF143D4874}.Release|Any CPU.Build.0 = Release|Any CPU
		{A90F5580-605E-4DA6-8997-877EB8F7D024}.Debug|Any CPU.ActiveCfg = Debug|Any CPU
		{A90F5580-605E-4DA6-8997-877EB8F7D024}.Debug|Any CPU.Build.0 = Debug|Any CPU
		{A90F5580-605E-4DA6-8997-877EB8F7D024}.Release|Any CPU.ActiveCfg = Release|Any CPU
		{A90F5580-605E-4DA6-8997-877EB8F7D024}.Release|Any CPU.Build.0 = Release|Any CPU
		{061F5E1D-23A7-4744-BF2A-54AAFC5EFE70}.Debug|Any CPU.ActiveCfg = Debug|Any CPU
		{061F5E1D-23A7-4744-BF2A-54AAFC5EFE70}.Debug|Any CPU.Build.0 = Debug|Any CPU
		{061F5E1D-23A7-4744-BF2A-54AAFC5EFE70}.Release|Any CPU.ActiveCfg = Release|Any CPU
		{061F5E1D-23A7-4744-BF2A-54AAFC5EFE70}.Release|Any CPU.Build.0 = Release|Any CPU
		{BCE486DF-3DA2-42A2-BF38-376B17CEF434}.Debug|Any CPU.ActiveCfg = Debug|Any CPU
		{BCE486DF-3DA2-42A2-BF38-376B17CEF434}.Debug|Any CPU.Build.0 = Debug|Any CPU
		{BCE486DF-3DA2-42A2-BF38-376B17CEF434}.Release|Any CPU.ActiveCfg = Release|Any CPU
		{BCE486DF-3DA2-42A2-BF38-376B17CEF434}.Release|Any CPU.Build.0 = Release|Any CPU
	EndGlobalSection
	GlobalSection(SolutionProperties) = preSolution
		HideSolutionNode = FALSE
	EndGlobalSection
	GlobalSection(ExtensibilityGlobals) = postSolution
		SolutionGuid = {80B8A8D2-CD7F-499C-8A39-898C846DF211}
	EndGlobalSection
EndGlobal
