
Microsoft Visual Studio Solution File, Format Version 12.00
# Visual Studio 2012
Project("{FAE04EC0-301F-11D3-BF4B-00C04F79EFBC}") = "Excel", "Excel\Excel.csproj", "{4CB0690E-3E7A-497C-9116-D52024F63195}"
EndProject
Project("{2150E333-8FDC-42A3-9474-1A3956D46DE8}") = "Solution Items", "Solution Items", "{537D3BEA-4A18-4381-A955-DF762D21E100}"
EndProject
Project("{FAE04EC0-301F-11D3-BF4B-00C04F79EFBC}") = "TestApp", "TestApp\TestApp.csproj", "{B2975726-9F21-4054-B2C6-3E67DD2DD975}"
EndProject
Project("{FAE04EC0-301F-11D3-BF4B-00C04F79EFBC}") = "Excel.Tests", "Excel.Tests\Excel.Tests.csproj", "{7ACFD25F-D601-454C-A963-B2C1E46ED3FC}"
EndProject
Project("{FAE04EC0-301F-11D3-BF4B-00C04F79EFBC}") = "Excel.4.5", "Excel.4.5\Excel.4.5.csproj", "{D1905BBD-5F3B-4112-90BD-2D97C8B539C9}"
EndProject
Project("{FAE04EC0-301F-11D3-BF4B-00C04F79EFBC}") = "Excel.Tests.4.5", "Excel.Tests.4.5\Excel.Tests.4.5.csproj", "{7E59CFF5-9A01-4DBC-A6E0-130C60F8EE18}"
EndProject
Project("{FAE04EC0-301F-11D3-BF4B-00C04F79EFBC}") = "ExcelDataReader.Android", "ExcelDataReader.Android\ExcelDataReader.Android.csproj", "{D39637D2-0A33-4847-BD83-64FBD936505B}"
EndProject
Project("{FAE04EC0-301F-11D3-BF4B-00C04F79EFBC}") = "ExcelDataReader.iOS", "ExcelDataReader.iOS\ExcelDataReader.iOS.csproj", "{E77DB0FA-B565-4CE8-837B-F612F257006D}"
EndProject
Project("{FAE04EC0-301F-11D3-BF4B-00C04F79EFBC}") = "ExcelDataReader.Portable", "ExcelDataReader.Portable\ExcelDataReader.Portable.csproj", "{00125EE9-759B-4D3E-8A0C-36BE6B7E2FB7}"
EndProject
Project("{2150E333-8FDC-42A3-9474-1A3956D46DE8}") = ".nuget", ".nuget", "{2BC6054F-0C85-4066-9DE2-1633B8DBE2B8}"
	ProjectSection(SolutionItems) = preProject
		.nuget\NuGet.Config = .nuget\NuGet.Config
		.nuget\NuGet.exe = .nuget\NuGet.exe
		.nuget\NuGet.targets = .nuget\NuGet.targets
	EndProjectSection
EndProject
Project("{FAE04EC0-301F-11D3-BF4B-00C04F79EFBC}") = "ExcelDataReader.Desktop", "ExcelDataReader.Desktop\ExcelDataReader.Desktop.csproj", "{7216DCBC-8F38-4115-9B5A-1452EB8DD0BB}"
EndProject
Global
	GlobalSection(SolutionConfigurationPlatforms) = preSolution
		Debug|Any CPU = Debug|Any CPU
		Debug-net20|Any CPU = Debug-net20|Any CPU
		MSTEST_DEBUG|Any CPU = MSTEST_DEBUG|Any CPU
		MSTEST_RELEASE|Any CPU = MSTEST_RELEASE|Any CPU
		Release|Any CPU = Release|Any CPU
	EndGlobalSection
	GlobalSection(ProjectConfigurationPlatforms) = postSolution
		{4CB0690E-3E7A-497C-9116-D52024F63195}.Debug|Any CPU.ActiveCfg = Debug|Any CPU
		{4CB0690E-3E7A-497C-9116-D52024F63195}.Debug|Any CPU.Build.0 = Debug|Any CPU
		{4CB0690E-3E7A-497C-9116-D52024F63195}.Debug-net20|Any CPU.ActiveCfg = Debug-net20|Any CPU
		{4CB0690E-3E7A-497C-9116-D52024F63195}.Debug-net20|Any CPU.Build.0 = Debug-net20|Any CPU
		{4CB0690E-3E7A-497C-9116-D52024F63195}.MSTEST_DEBUG|Any CPU.ActiveCfg = MSTEST_DEBUG|Any CPU
		{4CB0690E-3E7A-497C-9116-D52024F63195}.MSTEST_DEBUG|Any CPU.Build.0 = MSTEST_DEBUG|Any CPU
		{4CB0690E-3E7A-497C-9116-D52024F63195}.MSTEST_RELEASE|Any CPU.ActiveCfg = MSTEST_RELEASE|Any CPU
		{4CB0690E-3E7A-497C-9116-D52024F63195}.MSTEST_RELEASE|Any CPU.Build.0 = MSTEST_RELEASE|Any CPU
		{4CB0690E-3E7A-497C-9116-D52024F63195}.Release|Any CPU.ActiveCfg = Release|Any CPU
		{4CB0690E-3E7A-497C-9116-D52024F63195}.Release|Any CPU.Build.0 = Release|Any CPU
		{B2975726-9F21-4054-B2C6-3E67DD2DD975}.Debug|Any CPU.ActiveCfg = Debug|Any CPU
		{B2975726-9F21-4054-B2C6-3E67DD2DD975}.Debug|Any CPU.Build.0 = Debug|Any CPU
		{B2975726-9F21-4054-B2C6-3E67DD2DD975}.Debug-net20|Any CPU.ActiveCfg = Debug-net20|Any CPU
		{B2975726-9F21-4054-B2C6-3E67DD2DD975}.Debug-net20|Any CPU.Build.0 = Debug-net20|Any CPU
		{B2975726-9F21-4054-B2C6-3E67DD2DD975}.MSTEST_DEBUG|Any CPU.ActiveCfg = Release|Any CPU
		{B2975726-9F21-4054-B2C6-3E67DD2DD975}.MSTEST_DEBUG|Any CPU.Build.0 = Release|Any CPU
		{B2975726-9F21-4054-B2C6-3E67DD2DD975}.MSTEST_RELEASE|Any CPU.ActiveCfg = Release|Any CPU
		{B2975726-9F21-4054-B2C6-3E67DD2DD975}.MSTEST_RELEASE|Any CPU.Build.0 = Release|Any CPU
		{B2975726-9F21-4054-B2C6-3E67DD2DD975}.Release|Any CPU.ActiveCfg = Release|Any CPU
		{B2975726-9F21-4054-B2C6-3E67DD2DD975}.Release|Any CPU.Build.0 = Release|Any CPU
		{7ACFD25F-D601-454C-A963-B2C1E46ED3FC}.Debug|Any CPU.ActiveCfg = Debug|Any CPU
		{7ACFD25F-D601-454C-A963-B2C1E46ED3FC}.Debug|Any CPU.Build.0 = Debug|Any CPU
		{7ACFD25F-D601-454C-A963-B2C1E46ED3FC}.Debug-net20|Any CPU.ActiveCfg = Debug-net20|Any CPU
		{7ACFD25F-D601-454C-A963-B2C1E46ED3FC}.Debug-net20|Any CPU.Build.0 = Debug-net20|Any CPU
		{7ACFD25F-D601-454C-A963-B2C1E46ED3FC}.MSTEST_DEBUG|Any CPU.ActiveCfg = Release|Any CPU
		{7ACFD25F-D601-454C-A963-B2C1E46ED3FC}.MSTEST_DEBUG|Any CPU.Build.0 = Release|Any CPU
		{7ACFD25F-D601-454C-A963-B2C1E46ED3FC}.MSTEST_RELEASE|Any CPU.ActiveCfg = Release|Any CPU
		{7ACFD25F-D601-454C-A963-B2C1E46ED3FC}.MSTEST_RELEASE|Any CPU.Build.0 = Release|Any CPU
		{7ACFD25F-D601-454C-A963-B2C1E46ED3FC}.Release|Any CPU.ActiveCfg = Release|Any CPU
		{7ACFD25F-D601-454C-A963-B2C1E46ED3FC}.Release|Any CPU.Build.0 = Release|Any CPU
		{D1905BBD-5F3B-4112-90BD-2D97C8B539C9}.Debug|Any CPU.ActiveCfg = Debug|Any CPU
		{D1905BBD-5F3B-4112-90BD-2D97C8B539C9}.Debug|Any CPU.Build.0 = Debug|Any CPU
		{D1905BBD-5F3B-4112-90BD-2D97C8B539C9}.Debug-net20|Any CPU.ActiveCfg = Debug-net20|Any CPU
		{D1905BBD-5F3B-4112-90BD-2D97C8B539C9}.Debug-net20|Any CPU.Build.0 = Debug-net20|Any CPU
		{D1905BBD-5F3B-4112-90BD-2D97C8B539C9}.MSTEST_DEBUG|Any CPU.ActiveCfg = Debug-net20|Any CPU
		{D1905BBD-5F3B-4112-90BD-2D97C8B539C9}.MSTEST_DEBUG|Any CPU.Build.0 = Debug-net20|Any CPU
		{D1905BBD-5F3B-4112-90BD-2D97C8B539C9}.MSTEST_RELEASE|Any CPU.ActiveCfg = Debug-net20|Any CPU
		{D1905BBD-5F3B-4112-90BD-2D97C8B539C9}.MSTEST_RELEASE|Any CPU.Build.0 = Debug-net20|Any CPU
		{D1905BBD-5F3B-4112-90BD-2D97C8B539C9}.Release|Any CPU.ActiveCfg = Release|Any CPU
		{D1905BBD-5F3B-4112-90BD-2D97C8B539C9}.Release|Any CPU.Build.0 = Release|Any CPU
		{7E59CFF5-9A01-4DBC-A6E0-130C60F8EE18}.Debug|Any CPU.ActiveCfg = Debug|Any CPU
		{7E59CFF5-9A01-4DBC-A6E0-130C60F8EE18}.Debug|Any CPU.Build.0 = Debug|Any CPU
		{7E59CFF5-9A01-4DBC-A6E0-130C60F8EE18}.Debug-net20|Any CPU.ActiveCfg = Debug-net20|Any CPU
		{7E59CFF5-9A01-4DBC-A6E0-130C60F8EE18}.Debug-net20|Any CPU.Build.0 = Debug-net20|Any CPU
		{7E59CFF5-9A01-4DBC-A6E0-130C60F8EE18}.MSTEST_DEBUG|Any CPU.ActiveCfg = Debug-net20|Any CPU
		{7E59CFF5-9A01-4DBC-A6E0-130C60F8EE18}.MSTEST_DEBUG|Any CPU.Build.0 = Debug-net20|Any CPU
		{7E59CFF5-9A01-4DBC-A6E0-130C60F8EE18}.MSTEST_RELEASE|Any CPU.ActiveCfg = Debug-net20|Any CPU
		{7E59CFF5-9A01-4DBC-A6E0-130C60F8EE18}.MSTEST_RELEASE|Any CPU.Build.0 = Debug-net20|Any CPU
		{7E59CFF5-9A01-4DBC-A6E0-130C60F8EE18}.Release|Any CPU.ActiveCfg = Release|Any CPU
		{7E59CFF5-9A01-4DBC-A6E0-130C60F8EE18}.Release|Any CPU.Build.0 = Release|Any CPU
		{D39637D2-0A33-4847-BD83-64FBD936505B}.Debug|Any CPU.ActiveCfg = Debug|Any CPU
		{D39637D2-0A33-4847-BD83-64FBD936505B}.Debug|Any CPU.Build.0 = Debug|Any CPU
		{D39637D2-0A33-4847-BD83-64FBD936505B}.Debug-net20|Any CPU.ActiveCfg = Debug|Any CPU
		{D39637D2-0A33-4847-BD83-64FBD936505B}.Debug-net20|Any CPU.Build.0 = Debug|Any CPU
		{D39637D2-0A33-4847-BD83-64FBD936505B}.MSTEST_DEBUG|Any CPU.ActiveCfg = Release|Any CPU
		{D39637D2-0A33-4847-BD83-64FBD936505B}.MSTEST_DEBUG|Any CPU.Build.0 = Release|Any CPU
		{D39637D2-0A33-4847-BD83-64FBD936505B}.MSTEST_RELEASE|Any CPU.ActiveCfg = Release|Any CPU
		{D39637D2-0A33-4847-BD83-64FBD936505B}.MSTEST_RELEASE|Any CPU.Build.0 = Release|Any CPU
		{D39637D2-0A33-4847-BD83-64FBD936505B}.Release|Any CPU.ActiveCfg = Release|Any CPU
		{D39637D2-0A33-4847-BD83-64FBD936505B}.Release|Any CPU.Build.0 = Release|Any CPU
		{E77DB0FA-B565-4CE8-837B-F612F257006D}.Debug|Any CPU.ActiveCfg = Debug|Any CPU
		{E77DB0FA-B565-4CE8-837B-F612F257006D}.Debug|Any CPU.Build.0 = Debug|Any CPU
		{E77DB0FA-B565-4CE8-837B-F612F257006D}.Debug-net20|Any CPU.ActiveCfg = Debug|Any CPU
		{E77DB0FA-B565-4CE8-837B-F612F257006D}.Debug-net20|Any CPU.Build.0 = Debug|Any CPU
		{E77DB0FA-B565-4CE8-837B-F612F257006D}.MSTEST_DEBUG|Any CPU.ActiveCfg = Release|Any CPU
		{E77DB0FA-B565-4CE8-837B-F612F257006D}.MSTEST_DEBUG|Any CPU.Build.0 = Release|Any CPU
		{E77DB0FA-B565-4CE8-837B-F612F257006D}.MSTEST_RELEASE|Any CPU.ActiveCfg = Release|Any CPU
		{E77DB0FA-B565-4CE8-837B-F612F257006D}.MSTEST_RELEASE|Any CPU.Build.0 = Release|Any CPU
		{E77DB0FA-B565-4CE8-837B-F612F257006D}.Release|Any CPU.ActiveCfg = Release|Any CPU
		{E77DB0FA-B565-4CE8-837B-F612F257006D}.Release|Any CPU.Build.0 = Release|Any CPU
		{00125EE9-759B-4D3E-8A0C-36BE6B7E2FB7}.Debug|Any CPU.ActiveCfg = Debug|Any CPU
		{00125EE9-759B-4D3E-8A0C-36BE6B7E2FB7}.Debug|Any CPU.Build.0 = Debug|Any CPU
		{00125EE9-759B-4D3E-8A0C-36BE6B7E2FB7}.Debug-net20|Any CPU.ActiveCfg = Debug|Any CPU
		{00125EE9-759B-4D3E-8A0C-36BE6B7E2FB7}.Debug-net20|Any CPU.Build.0 = Debug|Any CPU
		{00125EE9-759B-4D3E-8A0C-36BE6B7E2FB7}.MSTEST_DEBUG|Any CPU.ActiveCfg = Release|Any CPU
		{00125EE9-759B-4D3E-8A0C-36BE6B7E2FB7}.MSTEST_DEBUG|Any CPU.Build.0 = Release|Any CPU
		{00125EE9-759B-4D3E-8A0C-36BE6B7E2FB7}.MSTEST_RELEASE|Any CPU.ActiveCfg = Release|Any CPU
		{00125EE9-759B-4D3E-8A0C-36BE6B7E2FB7}.MSTEST_RELEASE|Any CPU.Build.0 = Release|Any CPU
		{00125EE9-759B-4D3E-8A0C-36BE6B7E2FB7}.Release|Any CPU.ActiveCfg = Release|Any CPU
		{00125EE9-759B-4D3E-8A0C-36BE6B7E2FB7}.Release|Any CPU.Build.0 = Release|Any CPU
		{7216DCBC-8F38-4115-9B5A-1452EB8DD0BB}.Debug|Any CPU.ActiveCfg = Debug|Any CPU
		{7216DCBC-8F38-4115-9B5A-1452EB8DD0BB}.Debug|Any CPU.Build.0 = Debug|Any CPU
		{7216DCBC-8F38-4115-9B5A-1452EB8DD0BB}.Debug-net20|Any CPU.ActiveCfg = Debug|Any CPU
		{7216DCBC-8F38-4115-9B5A-1452EB8DD0BB}.Debug-net20|Any CPU.Build.0 = Debug|Any CPU
		{7216DCBC-8F38-4115-9B5A-1452EB8DD0BB}.MSTEST_DEBUG|Any CPU.ActiveCfg = Release|Any CPU
		{7216DCBC-8F38-4115-9B5A-1452EB8DD0BB}.MSTEST_DEBUG|Any CPU.Build.0 = Release|Any CPU
		{7216DCBC-8F38-4115-9B5A-1452EB8DD0BB}.MSTEST_RELEASE|Any CPU.ActiveCfg = Release|Any CPU
		{7216DCBC-8F38-4115-9B5A-1452EB8DD0BB}.MSTEST_RELEASE|Any CPU.Build.0 = Release|Any CPU
		{7216DCBC-8F38-4115-9B5A-1452EB8DD0BB}.Release|Any CPU.ActiveCfg = Release|Any CPU
		{7216DCBC-8F38-4115-9B5A-1452EB8DD0BB}.Release|Any CPU.Build.0 = Release|Any CPU
	EndGlobalSection
	GlobalSection(SolutionProperties) = preSolution
		HideSolutionNode = FALSE
	EndGlobalSection
EndGlobal
